{
  "version": 4,
  "terraform_version": "1.2.1",
  "serial": 18,
  "lineage": "a894b63d-c600-029b-cae4-b95276412bf9",
  "outputs": {
    "booloutput": {
      "value": false,
      "type": "bool"
    },
    "list-int": {
      "value": 1,
      "type": "number"
    },
    "list-str": {
      "value": "Mr0",
      "type": "string"
    },
    "map-result": {
      "value": "2",
      "type": "string"
    },
    "object-result": {
      "value": "brown",
      "type": "string"
    },
    "set-result": {
      "value": [
        "Nidhi",
        "Vedha",
        "vinod"
      ],
      "type": [
        "set",
        "string"
      ]
    },
    "tuple-variable": {
      "value": [
        "cat",
        7,
        true
      ],
      "type": [
        "tuple",
        [
          "string",
          "number",
          "bool"
        ]
      ]
    }
  },
  "resources": [
    {
      "mode": "managed",
      "type": "local_file",
      "name": "test",
      "provider": "provider[\"registry.terraform.io/hashicorp/local\"]",
      "instances": [
        {
          "schema_version": 0,
          "attributes": {
            "content": "5",
            "content_base64": null,
            "directory_permission": "0777",
            "file_permission": "0777",
            "filename": "/tmp/variable",
            "id": "ac3478d69a3c81fa62e60f5c3696165a4e5e6ac4",
            "sensitive_content": null,
            "source": null
          },
          "sensitive_attributes": [],
          "private": "bnVsbA=="
        }
      ]
    }
  ]
}
